{
  "originHash" : "7593652f31e5de528018de82a52b3c18040ea60c7c0398638fa3d1c70a208585",
  "pins" : [
    {
      "identity" : "fluidaudio",
      "kind" : "remoteSourceControl",
      "location" : "https://github.com/FluidInference/FluidAudio.git",
      "state" : {
        "revision" : "d302273d49ef4d8914b27f20d342be482e8810f1",
        "version" : "0.14.1"
      }
    }
  ],
  "version" : 3
}
