{
  "originHash" : "debbea5dd8837b98dda93022b2ee6942958c85fd8bd32a3b3ae8a93de7d247fd",
  "pins" : [
    {
      "identity" : "fluidaudio",
      "kind" : "remoteSourceControl",
      "location" : "https://github.com/FluidInference/FluidAudio.git",
      "state" : {
        "revision" : "d302273d49ef4d8914b27f20d342be482e8810f1",
        "version" : "0.14.1"
      }
    }
  ],
  "version" : 3
}
