{
  "originHash" : "76474463b853b699324fcc2757333ff64a347b0af8b860286277ff4475c6c6fe",
  "pins" : [
    {
      "identity" : "fluidaudio",
      "kind" : "remoteSourceControl",
      "location" : "https://github.com/FluidInference/FluidAudio.git",
      "state" : {
        "revision" : "d302273d49ef4d8914b27f20d342be482e8810f1",
        "version" : "0.14.1"
      }
    }
  ],
  "version" : 3
}
