// !$*UTF8*$!
{
	archiveVersion = 1;
	classes = {
	};
	objectVersion = 77;
	objects = {

/* Begin PBXBuildFile section */
		A00000000000000000000050 /* BundledTools/Whisper in Resources */ = {isa = PBXBuildFile; fileRef = A00000000000000000000051 /* BundledTools/Whisper */; };
		D10000000000000000000001 /* MacApp in Frameworks */ = {isa = PBXBuildFile; productRef = D10000000000000000000002 /* MacApp */; };
		D10000000000000000000004 /* Framelingo/Assets.xcassets in Resources */ = {isa = PBXBuildFile; fileRef = D10000000000000000000003 /* Framelingo/Assets.xcassets */; };
		F40000000000000000000002 /* FramelingoApp.swift in Sources */ = {isa = PBXBuildFile; fileRef = F40000000000000000000001 /* FramelingoApp.swift */; };
/* End PBXBuildFile section */

/* Begin PBXContainerItemProxy section */
		8CBA44582F9FB00100693B6B /* PBXContainerItemProxy */ = {
			isa = PBXContainerItemProxy;
			containerPortal = 8CBA442D2F9FAE3A00693B6B /* Project object */;
			proxyType = 1;
			remoteGlobalIDString = 8CBA44342F9FAE3A00693B6B;
			remoteInfo = Framelingo;
		};
/* End PBXContainerItemProxy section */

/* Begin PBXFileReference section */
		8CBA44352F9FAE3A00693B6B /* Framelingo.app */ = {isa = PBXFileReference; explicitFileType = wrapper.application; includeInIndex = 0; path = Framelingo.app; sourceTree = BUILT_PRODUCTS_DIR; };
		8CBA44502F9FB00100693B6B /* FramelingoTests.xctest */ = {isa = PBXFileReference; explicitFileType = wrapper.cfbundle; includeInIndex = 0; path = FramelingoTests.xctest; sourceTree = BUILT_PRODUCTS_DIR; };
		A00000000000000000000051 /* BundledTools/Whisper */ = {isa = PBXFileReference; lastKnownFileType = folder; path = BundledTools/Whisper; sourceTree = SOURCE_ROOT; };
		D10000000000000000000003 /* Framelingo/Assets.xcassets */ = {isa = PBXFileReference; lastKnownFileType = folder.assetcatalog; path = Framelingo/Assets.xcassets; sourceTree = SOURCE_ROOT; };
		F30000000000000000000001 /* TestPlan.xctestplan */ = {isa = PBXFileReference; lastKnownFileType = text; path = TestPlan.xctestplan; sourceTree = "<group>"; };
		F40000000000000000000001 /* FramelingoApp.swift */ = {isa = PBXFileReference; lastKnownFileType = sourcecode.swift; path = FramelingoApp.swift; sourceTree = "<group>"; };
/* End PBXFileReference section */

/* Begin PBXFileSystemSynchronizedRootGroup section */
		F40000000000000000000003 /* Modules */ = {
			isa = PBXFileSystemSynchronizedRootGroup;
			path = Modules;
			sourceTree = "<group>";
		};
		8CBA44512F9FB00100693B6B /* AppTargetTests */ = {
			isa = PBXFileSystemSynchronizedRootGroup;
			path = AppTargetTests;
			sourceTree = "<group>";
		};
/* End PBXFileSystemSynchronizedRootGroup section */

/* Begin PBXFrameworksBuildPhase section */
		8CBA44322F9FAE3A00693B6B /* Frameworks */ = {
			isa = PBXFrameworksBuildPhase;
			buildActionMask = 2147483647;
			files = (
				D10000000000000000000001 /* MacApp in Frameworks */,
			);
			runOnlyForDeploymentPostprocessing = 0;
		};
		8CBA44542F9FB00100693B6B /* Frameworks */ = {
			isa = PBXFrameworksBuildPhase;
			buildActionMask = 2147483647;
			files = (
			);
			runOnlyForDeploymentPostprocessing = 0;
		};
/* End PBXFrameworksBuildPhase section */

/* Begin PBXGroup section */
		8CBA44372F9FAE3A00693B6B /* AppTarget */ = {
			isa = PBXGroup;
			children = (
				F40000000000000000000001 /* FramelingoApp.swift */,
				F40000000000000000000003 /* Modules */,
			);
			path = AppTarget;
			sourceTree = "<group>";
		};
		8CBA442C2F9FAE3A00693B6B = {
			isa = PBXGroup;
			children = (
				F30000000000000000000001 /* TestPlan.xctestplan */,
				8CBA44372F9FAE3A00693B6B /* AppTarget */,
				8CBA44512F9FB00100693B6B /* AppTargetTests */,
				D10000000000000000000003 /* Framelingo/Assets.xcassets */,
				A00000000000000000000051 /* BundledTools/Whisper */,
				8CBA44362F9FAE3A00693B6B /* Products */,
			);
			sourceTree = "<group>";
		};
		8CBA44362F9FAE3A00693B6B /* Products */ = {
			isa = PBXGroup;
			children = (
				8CBA44352F9FAE3A00693B6B /* Framelingo.app */,
				8CBA44502F9FB00100693B6B /* FramelingoTests.xctest */,
			);
			name = Products;
			sourceTree = "<group>";
		};
/* End PBXGroup section */

/* Begin PBXNativeTarget section */
		8CBA44342F9FAE3A00693B6B /* Framelingo */ = {
			isa = PBXNativeTarget;
			buildConfigurationList = 8CBA44402F9FAE3C00693B6B /* Build configuration list for PBXNativeTarget "Framelingo" */;
			buildPhases = (
				D20000000000000000000000 /* Audit Module Boundaries */,
				8CBA44312F9FAE3A00693B6B /* Sources */,
				8CBA44322F9FAE3A00693B6B /* Frameworks */,
				8CBA44332F9FAE3A00693B6B /* Resources */,
			);
			buildRules = (
			);
			dependencies = (
			);
			name = Framelingo;
			packageProductDependencies = (
				D10000000000000000000002 /* MacApp */,
			);
			productName = Framelingo;
			productReference = 8CBA44352F9FAE3A00693B6B /* Framelingo.app */;
			productType = "com.apple.product-type.application";
		};
		8CBA44552F9FB00100693B6B /* FramelingoTests */ = {
			isa = PBXNativeTarget;
			buildConfigurationList = 8CBA445B2F9FB00100693B6B /* Build configuration list for PBXNativeTarget "FramelingoTests" */;
			buildPhases = (
				8CBA44532F9FB00100693B6B /* Sources */,
				8CBA44542F9FB00100693B6B /* Frameworks */,
				8CBA44562F9FB00100693B6B /* Resources */,
			);
			buildRules = (
			);
			dependencies = (
				8CBA44592F9FB00100693B6B /* PBXTargetDependency */,
			);
			fileSystemSynchronizedGroups = (
				8CBA44512F9FB00100693B6B /* AppTargetTests */,
			);
			name = FramelingoTests;
			packageProductDependencies = (
			);
			productName = FramelingoTests;
			productReference = 8CBA44502F9FB00100693B6B /* FramelingoTests.xctest */;
			productType = "com.apple.product-type.bundle.unit-test";
		};
/* End PBXNativeTarget section */

/* Begin PBXProject section */
		8CBA442D2F9FAE3A00693B6B /* Project object */ = {
			isa = PBXProject;
			attributes = {
				BuildIndependentTargetsInParallel = 1;
				LastSwiftUpdateCheck = 2630;
				LastUpgradeCheck = 2630;
				TargetAttributes = {
					8CBA44342F9FAE3A00693B6B = {
						CreatedOnToolsVersion = 26.3;
					};
					8CBA44552F9FB00100693B6B = {
						CreatedOnToolsVersion = 26.3;
						TestTargetID = 8CBA44342F9FAE3A00693B6B;
					};
				};
			};
			buildConfigurationList = 8CBA44302F9FAE3A00693B6B /* Build configuration list for PBXProject "Framelingo" */;
			developmentRegion = en;
			hasScannedForEncodings = 0;
			knownRegions = (
				en,
				Base,
			);
			mainGroup = 8CBA442C2F9FAE3A00693B6B;
			minimizedProjectReferenceProxies = 1;
			packageReferences = (
				D10000000000000000000000 /* XCLocalSwiftPackageReference "AppTarget/Modules/Composition/MacApp" */,
				E10000000000000000000001 /* XCLocalSwiftPackageReference "AppTarget/Modules/Core/Media" */,
				E10000000000000000000002 /* XCLocalSwiftPackageReference "AppTarget/Modules/Core/Project" */,
				E10000000000000000000003 /* XCLocalSwiftPackageReference "AppTarget/Modules/Core/Settings" */,
				E10000000000000000000004 /* XCLocalSwiftPackageReference "AppTarget/Modules/Core/Shorts" */,
				E10000000000000000000005 /* XCLocalSwiftPackageReference "AppTarget/Modules/Core/SpeakerAnalysis" */,
				E10000000000000000000006 /* XCLocalSwiftPackageReference "AppTarget/Modules/Core/Subtitles" */,
				E10000000000000000000007 /* XCLocalSwiftPackageReference "AppTarget/Modules/Core/Timeline" */,
				E10000000000000000000008 /* XCLocalSwiftPackageReference "AppTarget/Modules/Features/ExportFeature" */,
				E10000000000000000000009 /* XCLocalSwiftPackageReference "AppTarget/Modules/Features/HomeFeature" */,
				E1000000000000000000000A /* XCLocalSwiftPackageReference "AppTarget/Modules/Features/PlayerFeature" */,
				E1000000000000000000000B /* XCLocalSwiftPackageReference "AppTarget/Modules/Features/ProjectFeature" */,
				E1000000000000000000000C /* XCLocalSwiftPackageReference "AppTarget/Modules/Features/SettingsFeature" */,
				E1000000000000000000000D /* XCLocalSwiftPackageReference "AppTarget/Modules/Features/ShortsFeature" */,
				E1000000000000000000000E /* XCLocalSwiftPackageReference "AppTarget/Modules/Features/SubtitleEditorFeature" */,
				E1000000000000000000000F /* XCLocalSwiftPackageReference "AppTarget/Modules/Features/TimelineFeature" */,
				E10000000000000000000010 /* XCLocalSwiftPackageReference "AppTarget/Modules/Infrastructure/AppUpdate" */,
				E10000000000000000000011 /* XCLocalSwiftPackageReference "AppTarget/Modules/Infrastructure/FFmpeg" */,
				E10000000000000000000012 /* XCLocalSwiftPackageReference "AppTarget/Modules/Infrastructure/SpeechToText" */,
				E10000000000000000000013 /* XCLocalSwiftPackageReference "AppTarget/Modules/Infrastructure/Translation" */,
				E10000000000000000000014 /* XCLocalSwiftPackageReference "AppTarget/Modules/Infrastructure/VideoExport" */,
				E10000000000000000000015 /* XCLocalSwiftPackageReference "AppTarget/Modules/Infrastructure/VideoRendering" */,
				E10000000000000000000016 /* XCLocalSwiftPackageReference "AppTarget/Modules/UI/DesignSystem" */,
				E10000000000000000000017 /* XCLocalSwiftPackageReference "AppTarget/Modules/Workflows/ProjectPreparation" */,
				E10000000000000000000018 /* XCLocalSwiftPackageReference "AppTarget/Modules/Workflows/ProjectSession" */,
				E10000000000000000000019 /* XCLocalSwiftPackageReference "AppTarget/Modules/Workflows/TranscriptionPipeline" */,
				E1000000000000000000001A /* XCLocalSwiftPackageReference "AppTarget/Modules/Workflows/TranslationPipeline" */,
			);
			preferredProjectObjectVersion = 77;
			productRefGroup = 8CBA44362F9FAE3A00693B6B /* Products */;
			projectDirPath = "";
			projectRoot = "";
			targets = (
				8CBA44342F9FAE3A00693B6B /* Framelingo */,
				8CBA44552F9FB00100693B6B /* FramelingoTests */,
			);
		};
/* End PBXProject section */

/* Begin PBXResourcesBuildPhase section */
		8CBA44332F9FAE3A00693B6B /* Resources */ = {
			isa = PBXResourcesBuildPhase;
			buildActionMask = 2147483647;
			files = (
				A00000000000000000000050 /* BundledTools/Whisper in Resources */,
				D10000000000000000000004 /* Framelingo/Assets.xcassets in Resources */,
			);
			runOnlyForDeploymentPostprocessing = 0;
		};
		8CBA44562F9FB00100693B6B /* Resources */ = {
			isa = PBXResourcesBuildPhase;
			buildActionMask = 2147483647;
			files = (
			);
			runOnlyForDeploymentPostprocessing = 0;
		};
/* End PBXResourcesBuildPhase section */

/* Begin PBXShellScriptBuildPhase section */
		D20000000000000000000000 /* Audit Module Boundaries */ = {
			isa = PBXShellScriptBuildPhase;
			alwaysOutOfDate = 1;
			buildActionMask = 2147483647;
			files = (
			);
			inputFileListPaths = (
			);
			inputPaths = (
				"$(SRCROOT)/AppTarget/Modules",
				"$(SRCROOT)/Scripts/audit-module-boundaries.rb",
			);
			name = "Audit Module Boundaries";
			outputFileListPaths = (
			);
			outputPaths = (
			);
			runOnlyForDeploymentPostprocessing = 0;
			shellPath = /bin/zsh;
			shellScript = "set -euo pipefail\nruby \"$SRCROOT/Scripts/audit-module-boundaries.rb\"\n";
			showEnvVarsInLog = 0;
		};
/* End PBXShellScriptBuildPhase section */

/* Begin PBXSourcesBuildPhase section */
		8CBA44312F9FAE3A00693B6B /* Sources */ = {
			isa = PBXSourcesBuildPhase;
			buildActionMask = 2147483647;
			files = (
				F40000000000000000000002 /* FramelingoApp.swift in Sources */,
			);
			runOnlyForDeploymentPostprocessing = 0;
		};
		8CBA44532F9FB00100693B6B /* Sources */ = {
			isa = PBXSourcesBuildPhase;
			buildActionMask = 2147483647;
			files = (
			);
			runOnlyForDeploymentPostprocessing = 0;
		};
/* End PBXSourcesBuildPhase section */

/* Begin PBXTargetDependency section */
		8CBA44592F9FB00100693B6B /* PBXTargetDependency */ = {
			isa = PBXTargetDependency;
			target = 8CBA44342F9FAE3A00693B6B /* Framelingo */;
			targetProxy = 8CBA44582F9FB00100693B6B /* PBXContainerItemProxy */;
		};
/* End PBXTargetDependency section */

/* Begin XCBuildConfiguration section */
		8CBA443E2F9FAE3C00693B6B /* Debug */ = {
			isa = XCBuildConfiguration;
			buildSettings = {
				ALWAYS_SEARCH_USER_PATHS = NO;
				ARCHS = arm64;
				ASSETCATALOG_COMPILER_GENERATE_SWIFT_ASSET_SYMBOL_EXTENSIONS = YES;
				CLANG_ANALYZER_NONNULL = YES;
				CLANG_ANALYZER_NUMBER_OBJECT_CONVERSION = YES_AGGRESSIVE;
				CLANG_CXX_LANGUAGE_STANDARD = "gnu++20";
				CLANG_ENABLE_MODULES = YES;
				CLANG_ENABLE_OBJC_ARC = YES;
				CLANG_ENABLE_OBJC_WEAK = YES;
				CLANG_WARN_BLOCK_CAPTURE_AUTORELEASING = YES;
				CLANG_WARN_BOOL_CONVERSION = YES;
				CLANG_WARN_COMMA = YES;
				CLANG_WARN_CONSTANT_CONVERSION = YES;
				CLANG_WARN_DEPRECATED_OBJC_IMPLEMENTATIONS = YES;
				CLANG_WARN_DIRECT_OBJC_ISA_USAGE = YES_ERROR;
				CLANG_WARN_DOCUMENTATION_COMMENTS = YES;
				CLANG_WARN_EMPTY_BODY = YES;
				CLANG_WARN_ENUM_CONVERSION = YES;
				CLANG_WARN_INFINITE_RECURSION = YES;
				CLANG_WARN_INT_CONVERSION = YES;
				CLANG_WARN_NON_LITERAL_NULL_CONVERSION = YES;
				CLANG_WARN_OBJC_IMPLICIT_RETAIN_SELF = YES;
				CLANG_WARN_OBJC_LITERAL_CONVERSION = YES;
				CLANG_WARN_OBJC_ROOT_CLASS = YES_ERROR;
				CLANG_WARN_QUOTED_INCLUDE_IN_FRAMEWORK_HEADER = YES;
				CLANG_WARN_RANGE_LOOP_ANALYSIS = YES;
				CLANG_WARN_STRICT_PROTOTYPES = YES;
				CLANG_WARN_SUSPICIOUS_MOVE = YES;
				CLANG_WARN_UNGUARDED_AVAILABILITY = YES_AGGRESSIVE;
				CLANG_WARN_UNREACHABLE_CODE = YES;
				CLANG_WARN__DUPLICATE_METHOD_MATCH = YES;
				COPY_PHASE_STRIP = NO;
				DEBUG_INFORMATION_FORMAT = dwarf;
				DEVELOPMENT_TEAM = TWW7UPTWB8;
				ENABLE_STRICT_OBJC_MSGSEND = YES;
				ENABLE_TESTABILITY = YES;
				ENABLE_USER_SCRIPT_SANDBOXING = YES;
				"EXCLUDED_ARCHS[sdk=macosx*]" = x86_64;
				GCC_C_LANGUAGE_STANDARD = gnu17;
				GCC_DYNAMIC_NO_PIC = NO;
				GCC_NO_COMMON_BLOCKS = YES;
				GCC_OPTIMIZATION_LEVEL = 0;
				GCC_PREPROCESSOR_DEFINITIONS = (
					"DEBUG=1",
					"$(inherited)",
				);
				GCC_WARN_64_TO_32_BIT_CONVERSION = YES;
				GCC_WARN_ABOUT_RETURN_TYPE = YES_ERROR;
				GCC_WARN_UNDECLARED_SELECTOR = YES;
				GCC_WARN_UNINITIALIZED_AUTOS = YES_AGGRESSIVE;
				GCC_WARN_UNUSED_FUNCTION = YES;
				GCC_WARN_UNUSED_VARIABLE = YES;
				LOCALIZATION_PREFERS_STRING_CATALOGS = YES;
				MACOSX_DEPLOYMENT_TARGET = 15.6;
				MTL_ENABLE_DEBUG_INFO = INCLUDE_SOURCE;
				MTL_FAST_MATH = YES;
				ONLY_ACTIVE_ARCH = YES;
				SDKROOT = macosx;
				SWIFT_ACTIVE_COMPILATION_CONDITIONS = "DEBUG $(inherited)";
				SWIFT_OPTIMIZATION_LEVEL = "-Onone";
			};
			name = Debug;
		};
		8CBA443F2F9FAE3C00693B6B /* Release */ = {
			isa = XCBuildConfiguration;
			buildSettings = {
				ALWAYS_SEARCH_USER_PATHS = NO;
				ARCHS = arm64;
				ASSETCATALOG_COMPILER_GENERATE_SWIFT_ASSET_SYMBOL_EXTENSIONS = YES;
				CLANG_ANALYZER_NONNULL = YES;
				CLANG_ANALYZER_NUMBER_OBJECT_CONVERSION = YES_AGGRESSIVE;
				CLANG_CXX_LANGUAGE_STANDARD = "gnu++20";
				CLANG_ENABLE_MODULES = YES;
				CLANG_ENABLE_OBJC_ARC = YES;
				CLANG_ENABLE_OBJC_WEAK = YES;
				CLANG_WARN_BLOCK_CAPTURE_AUTORELEASING = YES;
				CLANG_WARN_BOOL_CONVERSION = YES;
				CLANG_WARN_COMMA = YES;
				CLANG_WARN_CONSTANT_CONVERSION = YES;
				CLANG_WARN_DEPRECATED_OBJC_IMPLEMENTATIONS = YES;
				CLANG_WARN_DIRECT_OBJC_ISA_USAGE = YES_ERROR;
				CLANG_WARN_DOCUMENTATION_COMMENTS = YES;
				CLANG_WARN_EMPTY_BODY = YES;
				CLANG_WARN_ENUM_CONVERSION = YES;
				CLANG_WARN_INFINITE_RECURSION = YES;
				CLANG_WARN_INT_CONVERSION = YES;
				CLANG_WARN_NON_LITERAL_NULL_CONVERSION = YES;
				CLANG_WARN_OBJC_IMPLICIT_RETAIN_SELF = YES;
				CLANG_WARN_OBJC_LITERAL_CONVERSION = YES;
				CLANG_WARN_OBJC_ROOT_CLASS = YES_ERROR;
				CLANG_WARN_QUOTED_INCLUDE_IN_FRAMEWORK_HEADER = YES;
				CLANG_WARN_RANGE_LOOP_ANALYSIS = YES;
				CLANG_WARN_STRICT_PROTOTYPES = YES;
				CLANG_WARN_SUSPICIOUS_MOVE = YES;
				CLANG_WARN_UNGUARDED_AVAILABILITY = YES_AGGRESSIVE;
				CLANG_WARN_UNREACHABLE_CODE = YES;
				CLANG_WARN__DUPLICATE_METHOD_MATCH = YES;
				COPY_PHASE_STRIP = NO;
				DEBUG_INFORMATION_FORMAT = "dwarf-with-dsym";
				DEVELOPMENT_TEAM = TWW7UPTWB8;
				ENABLE_NS_ASSERTIONS = NO;
				ENABLE_STRICT_OBJC_MSGSEND = YES;
				ENABLE_USER_SCRIPT_SANDBOXING = YES;
				"EXCLUDED_ARCHS[sdk=macosx*]" = x86_64;
				GCC_C_LANGUAGE_STANDARD = gnu17;
				GCC_NO_COMMON_BLOCKS = YES;
				GCC_WARN_64_TO_32_BIT_CONVERSION = YES;
				GCC_WARN_ABOUT_RETURN_TYPE = YES_ERROR;
				GCC_WARN_UNDECLARED_SELECTOR = YES;
				GCC_WARN_UNINITIALIZED_AUTOS = YES_AGGRESSIVE;
				GCC_WARN_UNUSED_FUNCTION = YES;
				GCC_WARN_UNUSED_VARIABLE = YES;
				LOCALIZATION_PREFERS_STRING_CATALOGS = YES;
				MACOSX_DEPLOYMENT_TARGET = 15.6;
				MTL_ENABLE_DEBUG_INFO = NO;
				MTL_FAST_MATH = YES;
				SDKROOT = macosx;
				SWIFT_COMPILATION_MODE = wholemodule;
			};
			name = Release;
		};
		8CBA44412F9FAE3C00693B6B /* Debug */ = {
			isa = XCBuildConfiguration;
			buildSettings = {
				ARCHS = arm64;
				ASSETCATALOG_COMPILER_APPICON_NAME = AppIcon;
				ASSETCATALOG_COMPILER_GLOBAL_ACCENT_COLOR_NAME = AccentColor;
				CODE_SIGN_STYLE = Automatic;
				COMBINE_HIDPI_IMAGES = YES;
				CURRENT_PROJECT_VERSION = 4;
				DEVELOPMENT_TEAM = TWW7UPTWB8;
				ENABLE_APP_SANDBOX = NO;
				ENABLE_HARDENED_RUNTIME = YES;
				ENABLE_PREVIEWS = YES;
				ENABLE_USER_SCRIPT_SANDBOXING = NO;
				GENERATE_INFOPLIST_FILE = YES;
				INFOPLIST_KEY_LSApplicationCategoryType = "public.app-category.video";
				INFOPLIST_KEY_NSHumanReadableCopyright = "";
				LD_RUNPATH_SEARCH_PATHS = (
					"$(inherited)",
					"@executable_path/../Frameworks",
				);
				MACOSX_DEPLOYMENT_TARGET = 15.6;
				MARKETING_VERSION = 2.0.1;
				PRODUCT_BUNDLE_IDENTIFIER = com.somegreatapp.Framelingo;
				PRODUCT_NAME = "$(TARGET_NAME)";
				REGISTER_APP_GROUPS = YES;
				STRING_CATALOG_GENERATE_SYMBOLS = YES;
				SWIFT_APPROACHABLE_CONCURRENCY = YES;
				SWIFT_EMIT_LOC_STRINGS = YES;
				SWIFT_UPCOMING_FEATURE_MEMBER_IMPORT_VISIBILITY = YES;
				SWIFT_VERSION = 5.0;
			};
			name = Debug;
		};
		8CBA44422F9FAE3C00693B6B /* Release */ = {
			isa = XCBuildConfiguration;
			buildSettings = {
				ARCHS = arm64;
				ASSETCATALOG_COMPILER_APPICON_NAME = AppIcon;
				ASSETCATALOG_COMPILER_GLOBAL_ACCENT_COLOR_NAME = AccentColor;
				CODE_SIGN_STYLE = Automatic;
				COMBINE_HIDPI_IMAGES = YES;
				CURRENT_PROJECT_VERSION = 4;
				DEVELOPMENT_TEAM = TWW7UPTWB8;
				ENABLE_APP_SANDBOX = NO;
				ENABLE_HARDENED_RUNTIME = YES;
				ENABLE_PREVIEWS = YES;
				ENABLE_USER_SCRIPT_SANDBOXING = NO;
				GENERATE_INFOPLIST_FILE = YES;
				INFOPLIST_KEY_LSApplicationCategoryType = "public.app-category.video";
				INFOPLIST_KEY_NSHumanReadableCopyright = "";
				LD_RUNPATH_SEARCH_PATHS = (
					"$(inherited)",
					"@executable_path/../Frameworks",
				);
				MACOSX_DEPLOYMENT_TARGET = 15.6;
				MARKETING_VERSION = 2.0.1;
				PRODUCT_BUNDLE_IDENTIFIER = com.somegreatapp.Framelingo;
				PRODUCT_NAME = "$(TARGET_NAME)";
				REGISTER_APP_GROUPS = YES;
				STRING_CATALOG_GENERATE_SYMBOLS = YES;
				SWIFT_APPROACHABLE_CONCURRENCY = YES;
				SWIFT_EMIT_LOC_STRINGS = YES;
				SWIFT_UPCOMING_FEATURE_MEMBER_IMPORT_VISIBILITY = YES;
				SWIFT_VERSION = 5.0;
			};
			name = Release;
		};
		8CBA445C2F9FB00100693B6B /* Debug */ = {
			isa = XCBuildConfiguration;
			buildSettings = {
				ARCHS = arm64;
				BUNDLE_LOADER = "$(TEST_HOST)";
				CODE_SIGN_STYLE = Automatic;
				COMBINE_HIDPI_IMAGES = YES;
				CURRENT_PROJECT_VERSION = 4;
				DEVELOPMENT_TEAM = TWW7UPTWB8;
				GENERATE_INFOPLIST_FILE = YES;
				LD_RUNPATH_SEARCH_PATHS = (
					"$(inherited)",
					"@executable_path/../Frameworks",
					"@loader_path/../Frameworks",
				);
				MACOSX_DEPLOYMENT_TARGET = 15.6;
				MARKETING_VERSION = 2.0.1;
				PRODUCT_BUNDLE_IDENTIFIER = com.somegreatapp.FramelingoTests;
				PRODUCT_NAME = "$(TARGET_NAME)";
				SWIFT_VERSION = 5.0;
				TEST_HOST = "$(BUILT_PRODUCTS_DIR)/Framelingo.app/$(BUNDLE_EXECUTABLE_FOLDER_PATH)/Framelingo";
			};
			name = Debug;
		};
		8CBA445D2F9FB00100693B6B /* Release */ = {
			isa = XCBuildConfiguration;
			buildSettings = {
				ARCHS = arm64;
				BUNDLE_LOADER = "$(TEST_HOST)";
				CODE_SIGN_STYLE = Automatic;
				COMBINE_HIDPI_IMAGES = YES;
				CURRENT_PROJECT_VERSION = 4;
				DEVELOPMENT_TEAM = TWW7UPTWB8;
				GENERATE_INFOPLIST_FILE = YES;
				LD_RUNPATH_SEARCH_PATHS = (
					"$(inherited)",
					"@executable_path/../Frameworks",
					"@loader_path/../Frameworks",
				);
				MACOSX_DEPLOYMENT_TARGET = 15.6;
				MARKETING_VERSION = 2.0.1;
				PRODUCT_BUNDLE_IDENTIFIER = com.somegreatapp.FramelingoTests;
				PRODUCT_NAME = "$(TARGET_NAME)";
				SWIFT_VERSION = 5.0;
				TEST_HOST = "$(BUILT_PRODUCTS_DIR)/Framelingo.app/$(BUNDLE_EXECUTABLE_FOLDER_PATH)/Framelingo";
			};
			name = Release;
		};
/* End XCBuildConfiguration section */

/* Begin XCConfigurationList section */
		8CBA44302F9FAE3A00693B6B /* Build configuration list for PBXProject "Framelingo" */ = {
			isa = XCConfigurationList;
			buildConfigurations = (
				8CBA443E2F9FAE3C00693B6B /* Debug */,
				8CBA443F2F9FAE3C00693B6B /* Release */,
			);
			defaultConfigurationIsVisible = 0;
			defaultConfigurationName = Release;
		};
		8CBA44402F9FAE3C00693B6B /* Build configuration list for PBXNativeTarget "Framelingo" */ = {
			isa = XCConfigurationList;
			buildConfigurations = (
				8CBA44412F9FAE3C00693B6B /* Debug */,
				8CBA44422F9FAE3C00693B6B /* Release */,
			);
			defaultConfigurationIsVisible = 0;
			defaultConfigurationName = Release;
		};
		8CBA445B2F9FB00100693B6B /* Build configuration list for PBXNativeTarget "FramelingoTests" */ = {
			isa = XCConfigurationList;
			buildConfigurations = (
				8CBA445C2F9FB00100693B6B /* Debug */,
				8CBA445D2F9FB00100693B6B /* Release */,
			);
			defaultConfigurationIsVisible = 0;
			defaultConfigurationName = Release;
		};
/* End XCConfigurationList section */

/* Begin XCLocalSwiftPackageReference section */
		D10000000000000000000000 /* XCLocalSwiftPackageReference "AppTarget/Modules/Composition/MacApp" */ = {
			isa = XCLocalSwiftPackageReference;
			relativePath = AppTarget/Modules/Composition/MacApp;
		};
		E10000000000000000000001 /* XCLocalSwiftPackageReference "AppTarget/Modules/Core/Media" */ = {isa = XCLocalSwiftPackageReference; relativePath = AppTarget/Modules/Core/Media; };
		E10000000000000000000002 /* XCLocalSwiftPackageReference "AppTarget/Modules/Core/Project" */ = {isa = XCLocalSwiftPackageReference; relativePath = AppTarget/Modules/Core/Project; };
		E10000000000000000000003 /* XCLocalSwiftPackageReference "AppTarget/Modules/Core/Settings" */ = {isa = XCLocalSwiftPackageReference; relativePath = AppTarget/Modules/Core/Settings; };
		E10000000000000000000004 /* XCLocalSwiftPackageReference "AppTarget/Modules/Core/Shorts" */ = {isa = XCLocalSwiftPackageReference; relativePath = AppTarget/Modules/Core/Shorts; };
		E10000000000000000000005 /* XCLocalSwiftPackageReference "AppTarget/Modules/Core/SpeakerAnalysis" */ = {isa = XCLocalSwiftPackageReference; relativePath = AppTarget/Modules/Core/SpeakerAnalysis; };
		E10000000000000000000006 /* XCLocalSwiftPackageReference "AppTarget/Modules/Core/Subtitles" */ = {isa = XCLocalSwiftPackageReference; relativePath = AppTarget/Modules/Core/Subtitles; };
		E10000000000000000000007 /* XCLocalSwiftPackageReference "AppTarget/Modules/Core/Timeline" */ = {isa = XCLocalSwiftPackageReference; relativePath = AppTarget/Modules/Core/Timeline; };
		E10000000000000000000008 /* XCLocalSwiftPackageReference "AppTarget/Modules/Features/ExportFeature" */ = {isa = XCLocalSwiftPackageReference; relativePath = AppTarget/Modules/Features/ExportFeature; };
		E10000000000000000000009 /* XCLocalSwiftPackageReference "AppTarget/Modules/Features/HomeFeature" */ = {isa = XCLocalSwiftPackageReference; relativePath = AppTarget/Modules/Features/HomeFeature; };
		E1000000000000000000000A /* XCLocalSwiftPackageReference "AppTarget/Modules/Features/PlayerFeature" */ = {isa = XCLocalSwiftPackageReference; relativePath = AppTarget/Modules/Features/PlayerFeature; };
		E1000000000000000000000B /* XCLocalSwiftPackageReference "AppTarget/Modules/Features/ProjectFeature" */ = {isa = XCLocalSwiftPackageReference; relativePath = AppTarget/Modules/Features/ProjectFeature; };
		E1000000000000000000000C /* XCLocalSwiftPackageReference "AppTarget/Modules/Features/SettingsFeature" */ = {isa = XCLocalSwiftPackageReference; relativePath = AppTarget/Modules/Features/SettingsFeature; };
		E1000000000000000000000D /* XCLocalSwiftPackageReference "AppTarget/Modules/Features/ShortsFeature" */ = {isa = XCLocalSwiftPackageReference; relativePath = AppTarget/Modules/Features/ShortsFeature; };
		E1000000000000000000000E /* XCLocalSwiftPackageReference "AppTarget/Modules/Features/SubtitleEditorFeature" */ = {isa = XCLocalSwiftPackageReference; relativePath = AppTarget/Modules/Features/SubtitleEditorFeature; };
		E1000000000000000000000F /* XCLocalSwiftPackageReference "AppTarget/Modules/Features/TimelineFeature" */ = {isa = XCLocalSwiftPackageReference; relativePath = AppTarget/Modules/Features/TimelineFeature; };
		E10000000000000000000010 /* XCLocalSwiftPackageReference "AppTarget/Modules/Infrastructure/AppUpdate" */ = {isa = XCLocalSwiftPackageReference; relativePath = AppTarget/Modules/Infrastructure/AppUpdate; };
		E10000000000000000000011 /* XCLocalSwiftPackageReference "AppTarget/Modules/Infrastructure/FFmpeg" */ = {isa = XCLocalSwiftPackageReference; relativePath = AppTarget/Modules/Infrastructure/FFmpeg; };
		E10000000000000000000012 /* XCLocalSwiftPackageReference "AppTarget/Modules/Infrastructure/SpeechToText" */ = {isa = XCLocalSwiftPackageReference; relativePath = AppTarget/Modules/Infrastructure/SpeechToText; };
		E10000000000000000000013 /* XCLocalSwiftPackageReference "AppTarget/Modules/Infrastructure/Translation" */ = {isa = XCLocalSwiftPackageReference; relativePath = AppTarget/Modules/Infrastructure/Translation; };
		E10000000000000000000014 /* XCLocalSwiftPackageReference "AppTarget/Modules/Infrastructure/VideoExport" */ = {isa = XCLocalSwiftPackageReference; relativePath = AppTarget/Modules/Infrastructure/VideoExport; };
		E10000000000000000000015 /* XCLocalSwiftPackageReference "AppTarget/Modules/Infrastructure/VideoRendering" */ = {isa = XCLocalSwiftPackageReference; relativePath = AppTarget/Modules/Infrastructure/VideoRendering; };
		E10000000000000000000016 /* XCLocalSwiftPackageReference "AppTarget/Modules/UI/DesignSystem" */ = {isa = XCLocalSwiftPackageReference; relativePath = AppTarget/Modules/UI/DesignSystem; };
		E10000000000000000000017 /* XCLocalSwiftPackageReference "AppTarget/Modules/Workflows/ProjectPreparation" */ = {isa = XCLocalSwiftPackageReference; relativePath = AppTarget/Modules/Workflows/ProjectPreparation; };
		E10000000000000000000018 /* XCLocalSwiftPackageReference "AppTarget/Modules/Workflows/ProjectSession" */ = {isa = XCLocalSwiftPackageReference; relativePath = AppTarget/Modules/Workflows/ProjectSession; };
		E10000000000000000000019 /* XCLocalSwiftPackageReference "AppTarget/Modules/Workflows/TranscriptionPipeline" */ = {isa = XCLocalSwiftPackageReference; relativePath = AppTarget/Modules/Workflows/TranscriptionPipeline; };
		E1000000000000000000001A /* XCLocalSwiftPackageReference "AppTarget/Modules/Workflows/TranslationPipeline" */ = {isa = XCLocalSwiftPackageReference; relativePath = AppTarget/Modules/Workflows/TranslationPipeline; };
/* End XCLocalSwiftPackageReference section */

/* Begin XCSwiftPackageProductDependency section */
		D10000000000000000000002 /* MacApp */ = {
			isa = XCSwiftPackageProductDependency;
			package = D10000000000000000000000 /* XCLocalSwiftPackageReference "AppTarget/Modules/Composition/MacApp" */;
			productName = MacApp;
		};
/* End XCSwiftPackageProductDependency section */
	};
	rootObject = 8CBA442D2F9FAE3A00693B6B /* Project object */;
}
